{
  "version": 4,
  "terraform_version": "1.9.5",
  "serial": 51,
  "lineage": "a095d7d1-807f-6321-4de1-ac9b8d7419da",
  "outputs": {},
  "resources": [
    {
      "module": "module.gce-1",
      "mode": "managed",
      "type": "google_compute_instance",
      "name": "gce",
      "provider": "provider[\"registry.terraform.io/hashicorp/google\"]",
      "instances": [
        {
          "index_key": 0,
          "schema_version": 6,
          "attributes": {
            "advanced_machine_features": [],
            "allow_stopping_for_update": null,
            "attached_disk": [],
            "boot_disk": [
              {
                "auto_delete": true,
                "device_name": "persistent-disk-0",
                "disk_encryption_key_raw": "",
                "disk_encryption_key_sha256": "",
                "initialize_params": [
                  {
                    "enable_confidential_compute": false,
                    "image": "https://www.googleapis.com/compute/v1/projects/ubuntu-os-cloud/global/images/ubuntu-2204-jammy-v20240801",
                    "labels": {},
                    "provisioned_iops": 0,
                    "provisioned_throughput": 0,
                    "resource_manager_tags": null,
                    "size": 10,
                    "storage_pool": "",
                    "type": "pd-standard"
                  }
                ],
                "kms_key_self_link": "",
                "mode": "READ_WRITE",
                "source": "https://www.googleapis.com/compute/v1/projects/upbeat-yew-432506-j1/zones/us-central1-a/disks/instance-1"
              }
            ],
            "can_ip_forward": false,
            "confidential_instance_config": [],
            "cpu_platform": "Intel Broadwell",
            "current_status": "RUNNING",
            "deletion_protection": false,
            "description": "",
            "desired_status": null,
            "effective_labels": {},
            "enable_display": false,
            "guest_accelerator": [],
            "hostname": "",
            "id": "projects/upbeat-yew-432506-j1/zones/us-central1-a/instances/instance-1",
            "instance_id": "3111495644865533823",
            "label_fingerprint": "42WmSpB8rSM=",
            "labels": null,
            "machine_type": "e2-medium",
            "metadata": {
              "ssh-keys": "  shaivin-sagar:ssh-rsa AAAAB3NzaC1yc2EAAAADAQABAAABgQC192QdD0Zc0KBdScClZBTQpxA4m71Cv2InDHRqya4RNCcmuqKB1tyVLnYQbGocVxPWdifUFJty2J8QOUZg5uChYp9zemmfRDKiC7yc2KtFxtygVsWQjSEh9GMmGuXzCahQgYxZmmJYvvhAyEd+WPQEe/h0bQ3CLaIS6rKFaGaUh+owY/TpTmv0VQ1byTjVZ9iJ7eiVETzgf9rC2mxrfH66Q+DDEgSsmGyH25AUagdkpPb0zAPlZWE1QhTQLWGWVzCUFCV/IfdQogE22HT1X/zZ1JFcLl3Tdjwg4kJwpvvjv64tGIYUmPFJBlSIKgiOCmoZm1sVSDMKd9tFVdOv4z5WfED6od0fA3K5D+j08mSj4IMC2wmQcUynzkGpnA/KNa1t6pqlcn2L2IzTTSOhh5MshE6LU/FTCQGtXltZRjGyMfbuquWAgrFJ5D3febbcVcVWiif2zaTSwl6GHWOeXQUwDqR1a00Opn0pTH268CqPvXv7C7hhmVeT/GeKT2dH8pk= shaivin-sagar@shaivin-sagar\n"
            },
            "metadata_fingerprint": "SJF_DJQFgbM=",
            "metadata_startup_script": null,
            "min_cpu_platform": "",
            "name": "instance-1",
            "network_interface": [
              {
                "access_config": [
                  {
                    "nat_ip": "34.31.254.140",
                    "network_tier": "PREMIUM",
                    "public_ptr_domain_name": ""
                  }
                ],
                "alias_ip_range": [],
                "internal_ipv6_prefix_length": 0,
                "ipv6_access_config": [],
                "ipv6_access_type": "",
                "ipv6_address": "",
                "name": "nic0",
                "network": "https://www.googleapis.com/compute/v1/projects/upbeat-yew-432506-j1/global/networks/default",
                "network_ip": "10.128.0.17",
                "nic_type": "",
                "queue_count": 0,
                "stack_type": "IPV4_ONLY",
                "subnetwork": "https://www.googleapis.com/compute/v1/projects/upbeat-yew-432506-j1/regions/us-central1/subnetworks/default",
                "subnetwork_project": "upbeat-yew-432506-j1"
              }
            ],
            "network_performance_config": [],
            "params": [],
            "project": "upbeat-yew-432506-j1",
            "reservation_affinity": [],
            "resource_policies": null,
            "scheduling": [
              {
                "automatic_restart": true,
                "instance_termination_action": "",
                "local_ssd_recovery_timeout": [],
                "max_run_duration": [],
                "min_node_cpus": 0,
                "node_affinities": [],
                "on_host_maintenance": "MIGRATE",
                "on_instance_stop_action": [],
                "preemptible": false,
                "provisioning_model": "STANDARD"
              }
            ],
            "scratch_disk": [],
            "self_link": "https://www.googleapis.com/compute/v1/projects/upbeat-yew-432506-j1/zones/us-central1-a/instances/instance-1",
            "service_account": [],
            "shielded_instance_config": [
              {
                "enable_integrity_monitoring": true,
                "enable_secure_boot": false,
                "enable_vtpm": true
              }
            ],
            "tags": [
              "tag-1"
            ],
            "tags_fingerprint": "WtlCuxy21h0=",
            "terraform_labels": {},
            "timeouts": null,
            "zone": "us-central1-a"
          },
          "sensitive_attributes": [
            [
              {
                "type": "get_attr",
                "value": "boot_disk"
              },
              {
                "type": "index",
                "value": {
                  "value": 0,
                  "type": "number"
                }
              },
              {
                "type": "get_attr",
                "value": "disk_encryption_key_raw"
              }
            ]
          ],
          "private": "eyJlMmJmYjczMC1lY2FhLTExZTYtOGY4OC0zNDM2M2JjN2M0YzAiOnsiY3JlYXRlIjoxMjAwMDAwMDAwMDAwLCJkZWxldGUiOjEyMDAwMDAwMDAwMDAsInVwZGF0ZSI6MTIwMDAwMDAwMDAwMH0sInNjaGVtYV92ZXJzaW9uIjoiNiJ9"
        }
      ]
    }
  ],
  "check_results": null
}
