{
  "version": 4,
  "terraform_version": "1.9.5",
  "serial": 134,
  "lineage": "a095d7d1-807f-6321-4de1-ac9b8d7419da",
  "outputs": {},
  "resources": [
    {
      "module": "module.gce-1",
      "mode": "managed",
      "type": "google_compute_firewall",
      "name": "allow-http",
      "provider": "provider[\"registry.terraform.io/hashicorp/google\"]",
      "instances": [
        {
          "schema_version": 1,
          "attributes": {
            "allow": [
              {
                "ports": [
                  "80",
                  "8000"
                ],
                "protocol": "tcp"
              }
            ],
            "creation_timestamp": "2024-08-30T00:30:04.878-07:00",
            "deny": [],
            "description": "",
            "destination_ranges": [],
            "direction": "INGRESS",
            "disabled": false,
            "enable_logging": null,
            "id": "projects/shaivin-project/global/firewalls/allow-custom-port",
            "log_config": [],
            "name": "allow-custom-port",
            "network": "https://www.googleapis.com/compute/v1/projects/shaivin-project/global/networks/default",
            "priority": 1000,
            "project": "shaivin-project",
            "self_link": "https://www.googleapis.com/compute/v1/projects/shaivin-project/global/firewalls/allow-custom-port",
            "source_ranges": [
              "0.0.0.0/0"
            ],
            "source_service_accounts": null,
            "source_tags": null,
            "target_service_accounts": null,
            "target_tags": [
              "tag-1"
            ],
            "timeouts": null
          },
          "sensitive_attributes": [],
          "private": "eyJlMmJmYjczMC1lY2FhLTExZTYtOGY4OC0zNDM2M2JjN2M0YzAiOnsiY3JlYXRlIjoxMjAwMDAwMDAwMDAwLCJkZWxldGUiOjEyMDAwMDAwMDAwMDAsInVwZGF0ZSI6MTIwMDAwMDAwMDAwMH0sInNjaGVtYV92ZXJzaW9uIjoiMSJ9"
        }
      ]
    },
    {
      "module": "module.gce-1",
      "mode": "managed",
      "type": "google_compute_instance",
      "name": "gce",
      "provider": "provider[\"registry.terraform.io/hashicorp/google\"]",
      "instances": [
        {
          "index_key": 0,
          "schema_version": 6,
          "attributes": {
            "advanced_machine_features": [],
            "allow_stopping_for_update": null,
            "attached_disk": [],
            "boot_disk": [
              {
                "auto_delete": true,
                "device_name": "persistent-disk-0",
                "disk_encryption_key_raw": "",
                "disk_encryption_key_sha256": "",
                "initialize_params": [
                  {
                    "enable_confidential_compute": false,
                    "image": "https://www.googleapis.com/compute/v1/projects/ubuntu-os-cloud/global/images/ubuntu-2204-jammy-v20240829",
                    "labels": {},
                    "provisioned_iops": 0,
                    "provisioned_throughput": 0,
                    "resource_manager_tags": null,
                    "size": 10,
                    "storage_pool": "",
                    "type": "pd-standard"
                  }
                ],
                "kms_key_self_link": "",
                "mode": "READ_WRITE",
                "source": "https://www.googleapis.com/compute/v1/projects/shaivin-project/zones/us-central1-a/disks/instance-1"
              }
            ],
            "can_ip_forward": false,
            "confidential_instance_config": [],
            "cpu_platform": "Intel Broadwell",
            "current_status": "RUNNING",
            "deletion_protection": false,
            "description": "",
            "desired_status": null,
            "effective_labels": {},
            "enable_display": false,
            "guest_accelerator": [],
            "hostname": "",
            "id": "projects/shaivin-project/zones/us-central1-a/instances/instance-1",
            "instance_id": "5146257111679552016",
            "label_fingerprint": "42WmSpB8rSM=",
            "labels": null,
            "machine_type": "e2-medium",
            "metadata": {
              "ssh-keys": "shaivin:ssh-rsa AAAAB3NzaC1yc2EAAAADAQABAAABgQCpWaMd3FJVN3WDuwQzN9fXwNalN9dzgS0QnYKMGZ5blu2S0ASv5UZUUkoXriNyQh4s06Yi1k74RuN3GfdD9TXP9/gCMPiQeD8cV5Y0K4pEuMN736vuGX7ricyngO5ULRSJz3t+9oS66rAi/Iic8dhNeZ9ckPaV0WFTgpM43+kxEGuiKbU3lAUyO1ITRR4sknEUtKhcF7Y27lKfDo7kccn48shkLU+e88f8VGZ9W3spVdpXa4jtXFDFu0xXL8eIrB3wRnhxQSNyRVNgQbKq3nMUJQR+U5O7LTbtMy+83zaW0KtMawS6DfxXtliBAjvnAGiO6CePS6J/1q8IRYqofOxXCgf09e/fvdTmzQknUR977bUspIAW3rPdP+PuNQsn8jahjdtc0mUV/laX5Tv6y/p/kUnUDlQSKPD3zV8bYDdXw43F90I0eiK+C7Ti2xY2YgTexzyCY3n7SsCS3OSZytwUhnkOJPVg0oIeFLzAdnDbMDxZLUa/X5w2jzcsYZqKH/s= shaivin@shaivin-sagar\n"
            },
            "metadata_fingerprint": "4CIBlmXd3PY=",
            "metadata_startup_script": null,
            "min_cpu_platform": "",
            "name": "instance-1",
            "network_interface": [
              {
                "access_config": [
                  {
                    "nat_ip": "34.72.210.60",
                    "network_tier": "PREMIUM",
                    "public_ptr_domain_name": ""
                  }
                ],
                "alias_ip_range": [],
                "internal_ipv6_prefix_length": 0,
                "ipv6_access_config": [],
                "ipv6_access_type": "",
                "ipv6_address": "",
                "name": "nic0",
                "network": "https://www.googleapis.com/compute/v1/projects/shaivin-project/global/networks/default",
                "network_ip": "10.128.0.15",
                "nic_type": "",
                "queue_count": 0,
                "stack_type": "IPV4_ONLY",
                "subnetwork": "https://www.googleapis.com/compute/v1/projects/shaivin-project/regions/us-central1/subnetworks/default",
                "subnetwork_project": "shaivin-project"
              }
            ],
            "network_performance_config": [],
            "params": [],
            "project": "shaivin-project",
            "reservation_affinity": [],
            "resource_policies": null,
            "scheduling": [
              {
                "automatic_restart": true,
                "instance_termination_action": "",
                "local_ssd_recovery_timeout": [],
                "max_run_duration": [],
                "min_node_cpus": 0,
                "node_affinities": [],
                "on_host_maintenance": "MIGRATE",
                "on_instance_stop_action": [],
                "preemptible": false,
                "provisioning_model": "STANDARD"
              }
            ],
            "scratch_disk": [],
            "self_link": "https://www.googleapis.com/compute/v1/projects/shaivin-project/zones/us-central1-a/instances/instance-1",
            "service_account": [],
            "shielded_instance_config": [
              {
                "enable_integrity_monitoring": true,
                "enable_secure_boot": false,
                "enable_vtpm": true
              }
            ],
            "tags": [
              "tag-1"
            ],
            "tags_fingerprint": "WtlCuxy21h0=",
            "terraform_labels": {},
            "timeouts": null,
            "zone": "us-central1-a"
          },
          "sensitive_attributes": [
            [
              {
                "type": "get_attr",
                "value": "boot_disk"
              },
              {
                "type": "index",
                "value": {
                  "value": 0,
                  "type": "number"
                }
              },
              {
                "type": "get_attr",
                "value": "disk_encryption_key_raw"
              }
            ]
          ],
          "private": "eyJlMmJmYjczMC1lY2FhLTExZTYtOGY4OC0zNDM2M2JjN2M0YzAiOnsiY3JlYXRlIjoxMjAwMDAwMDAwMDAwLCJkZWxldGUiOjEyMDAwMDAwMDAwMDAsInVwZGF0ZSI6MTIwMDAwMDAwMDAwMH0sInNjaGVtYV92ZXJzaW9uIjoiNiJ9"
        }
      ]
    }
  ],
  "check_results": null
}
