{
  "version": 4,
  "terraform_version": "1.9.5",
  "serial": 67,
  "lineage": "a095d7d1-807f-6321-4de1-ac9b8d7419da",
  "outputs": {},
  "resources": [
    {
      "module": "module.gce-1",
      "mode": "managed",
      "type": "google_compute_instance",
      "name": "gce",
      "provider": "provider[\"registry.terraform.io/hashicorp/google\"]",
      "instances": [
        {
          "index_key": 0,
          "schema_version": 6,
          "attributes": {
            "advanced_machine_features": [],
            "allow_stopping_for_update": null,
            "attached_disk": [],
            "boot_disk": [
              {
                "auto_delete": true,
                "device_name": "persistent-disk-0",
                "disk_encryption_key_raw": "",
                "disk_encryption_key_sha256": "",
                "initialize_params": [
                  {
                    "enable_confidential_compute": false,
                    "image": "https://www.googleapis.com/compute/v1/projects/ubuntu-os-cloud/global/images/ubuntu-2204-jammy-v20240801",
                    "labels": {},
                    "provisioned_iops": 0,
                    "provisioned_throughput": 0,
                    "resource_manager_tags": null,
                    "size": 10,
                    "storage_pool": "",
                    "type": "pd-standard"
                  }
                ],
                "kms_key_self_link": "",
                "mode": "READ_WRITE",
                "source": "https://www.googleapis.com/compute/v1/projects/upbeat-yew-432506-j1/zones/us-central1-a/disks/instance-1"
              }
            ],
            "can_ip_forward": false,
            "confidential_instance_config": [],
            "cpu_platform": "Intel Broadwell",
            "current_status": "RUNNING",
            "deletion_protection": false,
            "description": "",
            "desired_status": null,
            "effective_labels": {},
            "enable_display": false,
            "guest_accelerator": [],
            "hostname": "",
            "id": "projects/upbeat-yew-432506-j1/zones/us-central1-a/instances/instance-1",
            "instance_id": "7412147939968917460",
            "label_fingerprint": "42WmSpB8rSM=",
            "labels": null,
            "machine_type": "e2-medium",
            "metadata": null,
            "metadata_fingerprint": "Wy_07ugvSl8=",
            "metadata_startup_script": "#! /bin/bash\nsudo apt-get update\nsudo apt-get install -y apache2 php php-cli php-mbstring unzip curl git nodejs npm supervisor\n\n# Install Composer\ncurl -sS https://getcomposer.org/installer | php\nsudo mv composer.phar /usr/local/bin/composer\n\n# Create directory for Laravel app\nsudo mkdir -p /var/www/html\nsudo chown -R www-data:www-data /var/www/html\nsudo chmod -R 755 /var/www/html\n\n# Enable mod_rewrite for Laravel's routing\nsudo a2enmod rewrite\nsudo systemctl restart apache2\n\n# Firewall rules to allow SSH, HTTP, and HTTPS traffic\nsudo ufw allow OpenSSH\nsudo ufw allow 'Apache Full'\nsudo ufw --force enable\n\n# Create shaivin user and set up SSH key\nsudo useradd -m shaivin\necho \"shaivin:ssh-rsa AAAAB3NzaC1yc2EAAAADAQABAAABgQDO9K8tNBeOzNHB1LU6YlERuZD5N43kAN8MNPWE0cJdcqu5Suabzlxzd+RwJss/eEfZE6r0ecLFxE7ub2VNhDhFIsowYR13l0A1az8rXOL7ufXvYoP0S4/AyqAxiNk/6PlIMBYaIAV8ISw8GDMZ8b1bj+VAAIg6zJdLaTfdu2q+GchtbrwkTGVMe5kUPyDsdKyZTeWwlIZUCbkGLLuTmB0jv67fQcx1D09VObxurVbsdWDo5R0nmFvOsaLNBE4nnaNkEqfzcbHN3nSpuzybjw6peKdXUgFzswfH922YPyxefOoFcVAam37bGb1BVcLffvOBN155XjtkNfKRoNYcf4H3oxW2+Awhd26WlpWJqoYsvypAa9Dtezm/PbWVBW13m4PmFwBH1N173DRhBU7PNkuvOPfHXjzC10E2gYAU7jWQ7ZUDPg1EF1YO6T8Tck8a05mH74anvZO17LWkiHm5RJBjhJyMpM/xyYxG/0k7ozd8yQwR4I9dMBZI+20dTm20TgE= shaivin@shaivin-sagar\nsudo chown -R shaivin:shaivin /home/shaivin/.ssh\nsudo chmod 700 /home/shaivin/.ssh\nsudo chmod 600 /home/shaivin/.ssh/authorized_keys\n",
            "min_cpu_platform": "",
            "name": "instance-1",
            "network_interface": [
              {
                "access_config": [
                  {
                    "nat_ip": "34.172.156.48",
                    "network_tier": "PREMIUM",
                    "public_ptr_domain_name": ""
                  }
                ],
                "alias_ip_range": [],
                "internal_ipv6_prefix_length": 0,
                "ipv6_access_config": [],
                "ipv6_access_type": "",
                "ipv6_address": "",
                "name": "nic0",
                "network": "https://www.googleapis.com/compute/v1/projects/upbeat-yew-432506-j1/global/networks/default",
                "network_ip": "10.128.0.21",
                "nic_type": "",
                "queue_count": 0,
                "stack_type": "IPV4_ONLY",
                "subnetwork": "https://www.googleapis.com/compute/v1/projects/upbeat-yew-432506-j1/regions/us-central1/subnetworks/default",
                "subnetwork_project": "upbeat-yew-432506-j1"
              }
            ],
            "network_performance_config": [],
            "params": [],
            "project": "upbeat-yew-432506-j1",
            "reservation_affinity": [],
            "resource_policies": null,
            "scheduling": [
              {
                "automatic_restart": true,
                "instance_termination_action": "",
                "local_ssd_recovery_timeout": [],
                "max_run_duration": [],
                "min_node_cpus": 0,
                "node_affinities": [],
                "on_host_maintenance": "MIGRATE",
                "on_instance_stop_action": [],
                "preemptible": false,
                "provisioning_model": "STANDARD"
              }
            ],
            "scratch_disk": [],
            "self_link": "https://www.googleapis.com/compute/v1/projects/upbeat-yew-432506-j1/zones/us-central1-a/instances/instance-1",
            "service_account": [],
            "shielded_instance_config": [
              {
                "enable_integrity_monitoring": true,
                "enable_secure_boot": false,
                "enable_vtpm": true
              }
            ],
            "tags": [
              "tag-1"
            ],
            "tags_fingerprint": "WtlCuxy21h0=",
            "terraform_labels": {},
            "timeouts": null,
            "zone": "us-central1-a"
          },
          "sensitive_attributes": [
            [
              {
                "type": "get_attr",
                "value": "boot_disk"
              },
              {
                "type": "index",
                "value": {
                  "value": 0,
                  "type": "number"
                }
              },
              {
                "type": "get_attr",
                "value": "disk_encryption_key_raw"
              }
            ]
          ],
          "private": "eyJlMmJmYjczMC1lY2FhLTExZTYtOGY4OC0zNDM2M2JjN2M0YzAiOnsiY3JlYXRlIjoxMjAwMDAwMDAwMDAwLCJkZWxldGUiOjEyMDAwMDAwMDAwMDAsInVwZGF0ZSI6MTIwMDAwMDAwMDAwMH0sInNjaGVtYV92ZXJzaW9uIjoiNiJ9"
        }
      ]
    }
  ],
  "check_results": null
}
